PODS:
  - Alamofire (4.9.1)
  - AlamofireObjectMapper (5.2.1):
    - Alamofire (~> 4.7)
    - ObjectMapper (~> 3.4)
  - Kingfisher (7.5.0)
  - ObjectMapper (3.5.3)
  - RxCocoa (6.5.0):
    - RxRelay (= 6.5.0)
    - RxSwift (= 6.5.0)
  - RxRelay (6.5.0):
    - RxSwift (= 6.5.0)
  - RxSwift (6.5.0)
  - SwiftDate (5.1.0)

DEPENDENCIES:
  - Alamofire (= 4.9.1)
  - AlamofireObjectMapper
  - Kingfisher (~> 7.0)
  - RxCocoa (= 6.5.0)
  - RxSwift (= 6.5.0)
  - SwiftDate (~> 5.0)

SPEC REPOS:
  trunk:
    - Alamofire
    - AlamofireObjectMapper
    - Kingfisher
    - ObjectMapper
    - RxCocoa
    - RxRelay
    - RxSwift
    - SwiftDate

SPEC CHECKSUMS:
  Alamofire: 85e8a02c69d6020a0d734f6054870d7ecb75cf18
  AlamofireObjectMapper: 1989f690e982b71921b9253f53a4f33a9bc00d88
  Kingfisher: b9c2a4a4af2990a768445c277359b27bde287d71
  ObjectMapper: 97111c97e054a6ee25917662106689f0b4127b37
  RxCocoa: 94f817b71c07517321eb4f9ad299112ca8af743b
  RxRelay: 1de1523e604c72b6c68feadedd1af3b1b4d0ecbd
  RxSwift: 5710a9e6b17f3c3d6e40d6e559b9fa1e813b2ef8
  SwiftDate: 6329e58969a2de31cea7f1ee1143b247693196e7

PODFILE CHECKSUM: 418f603eab6947dcfca697a4cb800415032be043

COCOAPODS: 1.11.3
