// !$*UTF8*$!
{
	archiveVersion = 1;
	classes = {
	};
	objectVersion = 53;
	objects = {

/* Begin PBXBuildFile section */
		48B535491327D4EE1F311074 /* Pods_weather_forcast.framework in Frameworks */ = {isa = PBXBuildFile; fileRef = 6A04B59E7678E52E8DDA61CF /* Pods_weather_forcast.framework */; };
		EA66176B2999333E0031B608 /* AppDelegate.swift in Sources */ = {isa = PBXBuildFile; fileRef = EA66176A2999333E0031B608 /* AppDelegate.swift */; };
		EA66176D2999333E0031B608 /* SceneDelegate.swift in Sources */ = {isa = PBXBuildFile; fileRef = EA66176C2999333E0031B608 /* SceneDelegate.swift */; };
		EA66176F2999333E0031B608 /* MainViewController.swift in Sources */ = {isa = PBXBuildFile; fileRef = EA66176E2999333E0031B608 /* MainViewController.swift */; };
		EA6617722999333E0031B608 /* Main.storyboard in Resources */ = {isa = PBXBuildFile; fileRef = EA6617702999333E0031B608 /* Main.storyboard */; };
		EA6617742999333F0031B608 /* Assets.xcassets in Resources */ = {isa = PBXBuildFile; fileRef = EA6617732999333F0031B608 /* Assets.xcassets */; };
		EA6617772999333F0031B608 /* LaunchScreen.storyboard in Resources */ = {isa = PBXBuildFile; fileRef = EA6617752999333F0031B608 /* LaunchScreen.storyboard */; };
		EA661780299934C90031B608 /* APIKeyManager.swift in Sources */ = {isa = PBXBuildFile; fileRef = EA66177F299934C90031B608 /* APIKeyManager.swift */; };
		EA661785299935BF0031B608 /* BaseViewController.swift in Sources */ = {isa = PBXBuildFile; fileRef = EA661784299935BF0031B608 /* BaseViewController.swift */; };
		EA661788299936040031B608 /* BaseServiceRequester.swift in Sources */ = {isa = PBXBuildFile; fileRef = EA661787299936040031B608 /* BaseServiceRequester.swift */; };
		EA66178A299937350031B608 /* APIEndpoint.swift in Sources */ = {isa = PBXBuildFile; fileRef = EA661789299937350031B608 /* APIEndpoint.swift */; };
		EA66178C29993A240031B608 /* ForcastListModel.swift in Sources */ = {isa = PBXBuildFile; fileRef = EA66178B29993A240031B608 /* ForcastListModel.swift */; };
		EA661792299943D90031B608 /* CurrentWeaterModel.swift in Sources */ = {isa = PBXBuildFile; fileRef = EA661791299943D90031B608 /* CurrentWeaterModel.swift */; };
		EA661794299943EA0031B608 /* MainCurrentWeater.swift in Sources */ = {isa = PBXBuildFile; fileRef = EA661793299943EA0031B608 /* MainCurrentWeater.swift */; };
		EA66179E299945640031B608 /* CurrentWeaterPresenter.swift in Sources */ = {isa = PBXBuildFile; fileRef = EA661798299945640031B608 /* CurrentWeaterPresenter.swift */; };
		EA66179F299945640031B608 /* CurrentWeaterRouter.swift in Sources */ = {isa = PBXBuildFile; fileRef = EA661799299945640031B608 /* CurrentWeaterRouter.swift */; };
		EA6617A0299945640031B608 /* CurrentWeaterModels.swift in Sources */ = {isa = PBXBuildFile; fileRef = EA66179A299945640031B608 /* CurrentWeaterModels.swift */; };
		EA6617A1299945640031B608 /* CurrentWeaterViewController.swift in Sources */ = {isa = PBXBuildFile; fileRef = EA66179B299945640031B608 /* CurrentWeaterViewController.swift */; };
		EA6617A2299945640031B608 /* CurrentWeaterInteractor.swift in Sources */ = {isa = PBXBuildFile; fileRef = EA66179C299945640031B608 /* CurrentWeaterInteractor.swift */; };
		EA6617A3299945640031B608 /* CurrentWeaterViewController.xib in Resources */ = {isa = PBXBuildFile; fileRef = EA66179D299945640031B608 /* CurrentWeaterViewController.xib */; };
		EA6617AA299946AF0031B608 /* ForcastTablePresenter.swift in Sources */ = {isa = PBXBuildFile; fileRef = EA6617A4299946AF0031B608 /* ForcastTablePresenter.swift */; };
		EA6617AB299946AF0031B608 /* ForcastTableRouter.swift in Sources */ = {isa = PBXBuildFile; fileRef = EA6617A5299946AF0031B608 /* ForcastTableRouter.swift */; };
		EA6617AC299946AF0031B608 /* ForcastTableModels.swift in Sources */ = {isa = PBXBuildFile; fileRef = EA6617A6299946AF0031B608 /* ForcastTableModels.swift */; };
		EA6617AD299946AF0031B608 /* ForcastTableViewController.swift in Sources */ = {isa = PBXBuildFile; fileRef = EA6617A7299946AF0031B608 /* ForcastTableViewController.swift */; };
		EA6617AE299946AF0031B608 /* ForcastTableInteractor.swift in Sources */ = {isa = PBXBuildFile; fileRef = EA6617A8299946AF0031B608 /* ForcastTableInteractor.swift */; };
		EA6617AF299946AF0031B608 /* ForcastTableViewController.xib in Resources */ = {isa = PBXBuildFile; fileRef = EA6617A9299946AF0031B608 /* ForcastTableViewController.xib */; };
		EA6617B2299948130031B608 /* IBDesignable.swift in Sources */ = {isa = PBXBuildFile; fileRef = EA6617B1299948130031B608 /* IBDesignable.swift */; };
		EA6617B4299954AE0031B608 /* MainForcastModel.swift in Sources */ = {isa = PBXBuildFile; fileRef = EA6617B3299954AE0031B608 /* MainForcastModel.swift */; };
		EA6617B6299955470031B608 /* WeaterModel.swift in Sources */ = {isa = PBXBuildFile; fileRef = EA6617B5299955470031B608 /* WeaterModel.swift */; };
		EA6617B9299957320031B608 /* ForcastTableViewCell.swift in Sources */ = {isa = PBXBuildFile; fileRef = EA6617B8299957320031B608 /* ForcastTableViewCell.swift */; };
		EA6617BB2999573A0031B608 /* ForcastTableViewCell.xib in Resources */ = {isa = PBXBuildFile; fileRef = EA6617BA2999573A0031B608 /* ForcastTableViewCell.xib */; };
/* End PBXBuildFile section */

/* Begin PBXFileReference section */
		6A04B59E7678E52E8DDA61CF /* Pods_weather_forcast.framework */ = {isa = PBXFileReference; explicitFileType = wrapper.framework; includeInIndex = 0; path = Pods_weather_forcast.framework; sourceTree = BUILT_PRODUCTS_DIR; };
		CDA88E8BAD55AE9E38505E3C /* Pods-weather forcast.debug.xcconfig */ = {isa = PBXFileReference; includeInIndex = 1; lastKnownFileType = text.xcconfig; name = "Pods-weather forcast.debug.xcconfig"; path = "Target Support Files/Pods-weather forcast/Pods-weather forcast.debug.xcconfig"; sourceTree = "<group>"; };
		D668306D24D3DEEDB8BE4D6F /* Pods-weather forcast.release.xcconfig */ = {isa = PBXFileReference; includeInIndex = 1; lastKnownFileType = text.xcconfig; name = "Pods-weather forcast.release.xcconfig"; path = "Target Support Files/Pods-weather forcast/Pods-weather forcast.release.xcconfig"; sourceTree = "<group>"; };
		EA6617672999333E0031B608 /* weather forcast.app */ = {isa = PBXFileReference; explicitFileType = wrapper.application; includeInIndex = 0; path = "weather forcast.app"; sourceTree = BUILT_PRODUCTS_DIR; };
		EA66176A2999333E0031B608 /* AppDelegate.swift */ = {isa = PBXFileReference; lastKnownFileType = sourcecode.swift; path = AppDelegate.swift; sourceTree = "<group>"; };
		EA66176C2999333E0031B608 /* SceneDelegate.swift */ = {isa = PBXFileReference; lastKnownFileType = sourcecode.swift; path = SceneDelegate.swift; sourceTree = "<group>"; };
		EA66176E2999333E0031B608 /* MainViewController.swift */ = {isa = PBXFileReference; lastKnownFileType = sourcecode.swift; path = MainViewController.swift; sourceTree = "<group>"; };
		EA6617712999333E0031B608 /* Base */ = {isa = PBXFileReference; lastKnownFileType = file.storyboard; name = Base; path = Base.lproj/Main.storyboard; sourceTree = "<group>"; };
		EA6617732999333F0031B608 /* Assets.xcassets */ = {isa = PBXFileReference; lastKnownFileType = folder.assetcatalog; path = Assets.xcassets; sourceTree = "<group>"; };
		EA6617762999333F0031B608 /* Base */ = {isa = PBXFileReference; lastKnownFileType = file.storyboard; name = Base; path = Base.lproj/LaunchScreen.storyboard; sourceTree = "<group>"; };
		EA6617782999333F0031B608 /* Info.plist */ = {isa = PBXFileReference; lastKnownFileType = text.plist.xml; path = Info.plist; sourceTree = "<group>"; };
		EA66177F299934C90031B608 /* APIKeyManager.swift */ = {isa = PBXFileReference; lastKnownFileType = sourcecode.swift; path = APIKeyManager.swift; sourceTree = "<group>"; };
		EA661784299935BF0031B608 /* BaseViewController.swift */ = {isa = PBXFileReference; lastKnownFileType = sourcecode.swift; path = BaseViewController.swift; sourceTree = "<group>"; };
		EA661787299936040031B608 /* BaseServiceRequester.swift */ = {isa = PBXFileReference; lastKnownFileType = sourcecode.swift; path = BaseServiceRequester.swift; sourceTree = "<group>"; };
		EA661789299937350031B608 /* APIEndpoint.swift */ = {isa = PBXFileReference; lastKnownFileType = sourcecode.swift; path = APIEndpoint.swift; sourceTree = "<group>"; };
		EA66178B29993A240031B608 /* ForcastListModel.swift */ = {isa = PBXFileReference; lastKnownFileType = sourcecode.swift; path = ForcastListModel.swift; sourceTree = "<group>"; };
		EA661791299943D90031B608 /* CurrentWeaterModel.swift */ = {isa = PBXFileReference; lastKnownFileType = sourcecode.swift; path = CurrentWeaterModel.swift; sourceTree = "<group>"; };
		EA661793299943EA0031B608 /* MainCurrentWeater.swift */ = {isa = PBXFileReference; lastKnownFileType = sourcecode.swift; path = MainCurrentWeater.swift; sourceTree = "<group>"; };
		EA661798299945640031B608 /* CurrentWeaterPresenter.swift */ = {isa = PBXFileReference; lastKnownFileType = sourcecode.swift; path = CurrentWeaterPresenter.swift; sourceTree = "<group>"; };
		EA661799299945640031B608 /* CurrentWeaterRouter.swift */ = {isa = PBXFileReference; lastKnownFileType = sourcecode.swift; path = CurrentWeaterRouter.swift; sourceTree = "<group>"; };
		EA66179A299945640031B608 /* CurrentWeaterModels.swift */ = {isa = PBXFileReference; lastKnownFileType = sourcecode.swift; path = CurrentWeaterModels.swift; sourceTree = "<group>"; };
		EA66179B299945640031B608 /* CurrentWeaterViewController.swift */ = {isa = PBXFileReference; lastKnownFileType = sourcecode.swift; path = CurrentWeaterViewController.swift; sourceTree = "<group>"; };
		EA66179C299945640031B608 /* CurrentWeaterInteractor.swift */ = {isa = PBXFileReference; lastKnownFileType = sourcecode.swift; path = CurrentWeaterInteractor.swift; sourceTree = "<group>"; };
		EA66179D299945640031B608 /* CurrentWeaterViewController.xib */ = {isa = PBXFileReference; lastKnownFileType = file.xib; path = CurrentWeaterViewController.xib; sourceTree = "<group>"; };
		EA6617A4299946AF0031B608 /* ForcastTablePresenter.swift */ = {isa = PBXFileReference; lastKnownFileType = sourcecode.swift; path = ForcastTablePresenter.swift; sourceTree = "<group>"; };
		EA6617A5299946AF0031B608 /* ForcastTableRouter.swift */ = {isa = PBXFileReference; lastKnownFileType = sourcecode.swift; path = ForcastTableRouter.swift; sourceTree = "<group>"; };
		EA6617A6299946AF0031B608 /* ForcastTableModels.swift */ = {isa = PBXFileReference; lastKnownFileType = sourcecode.swift; path = ForcastTableModels.swift; sourceTree = "<group>"; };
		EA6617A7299946AF0031B608 /* ForcastTableViewController.swift */ = {isa = PBXFileReference; lastKnownFileType = sourcecode.swift; path = ForcastTableViewController.swift; sourceTree = "<group>"; };
		EA6617A8299946AF0031B608 /* ForcastTableInteractor.swift */ = {isa = PBXFileReference; lastKnownFileType = sourcecode.swift; path = ForcastTableInteractor.swift; sourceTree = "<group>"; };
		EA6617A9299946AF0031B608 /* ForcastTableViewController.xib */ = {isa = PBXFileReference; lastKnownFileType = file.xib; path = ForcastTableViewController.xib; sourceTree = "<group>"; };
		EA6617B1299948130031B608 /* IBDesignable.swift */ = {isa = PBXFileReference; lastKnownFileType = sourcecode.swift; path = IBDesignable.swift; sourceTree = "<group>"; };
		EA6617B3299954AE0031B608 /* MainForcastModel.swift */ = {isa = PBXFileReference; lastKnownFileType = sourcecode.swift; path = MainForcastModel.swift; sourceTree = "<group>"; };
		EA6617B5299955470031B608 /* WeaterModel.swift */ = {isa = PBXFileReference; fileEncoding = 4; lastKnownFileType = sourcecode.swift; path = WeaterModel.swift; sourceTree = "<group>"; };
		EA6617B8299957320031B608 /* ForcastTableViewCell.swift */ = {isa = PBXFileReference; lastKnownFileType = sourcecode.swift; path = ForcastTableViewCell.swift; sourceTree = "<group>"; };
		EA6617BA2999573A0031B608 /* ForcastTableViewCell.xib */ = {isa = PBXFileReference; lastKnownFileType = file.xib; path = ForcastTableViewCell.xib; sourceTree = "<group>"; };
/* End PBXFileReference section */

/* Begin PBXFrameworksBuildPhase section */
		EA6617642999333E0031B608 /* Frameworks */ = {
			isa = PBXFrameworksBuildPhase;
			buildActionMask = 2147483647;
			files = (
				48B535491327D4EE1F311074 /* Pods_weather_forcast.framework in Frameworks */,
			);
			runOnlyForDeploymentPostprocessing = 0;
		};
/* End PBXFrameworksBuildPhase section */

/* Begin PBXGroup section */
		D78B52F30B6E35D8ACBF6E86 /* Frameworks */ = {
			isa = PBXGroup;
			children = (
				6A04B59E7678E52E8DDA61CF /* Pods_weather_forcast.framework */,
			);
			name = Frameworks;
			sourceTree = "<group>";
		};
		E3FFBBE416F5387965754BDE /* Pods */ = {
			isa = PBXGroup;
			children = (
				CDA88E8BAD55AE9E38505E3C /* Pods-weather forcast.debug.xcconfig */,
				D668306D24D3DEEDB8BE4D6F /* Pods-weather forcast.release.xcconfig */,
			);
			path = Pods;
			sourceTree = "<group>";
		};
		EA66175E2999333E0031B608 = {
			isa = PBXGroup;
			children = (
				EA6617692999333E0031B608 /* weather forcast */,
				EA6617682999333E0031B608 /* Products */,
				E3FFBBE416F5387965754BDE /* Pods */,
				D78B52F30B6E35D8ACBF6E86 /* Frameworks */,
			);
			sourceTree = "<group>";
		};
		EA6617682999333E0031B608 /* Products */ = {
			isa = PBXGroup;
			children = (
				EA6617672999333E0031B608 /* weather forcast.app */,
			);
			name = Products;
			sourceTree = "<group>";
		};
		EA6617692999333E0031B608 /* weather forcast */ = {
			isa = PBXGroup;
			children = (
				EA6617B0299948040031B608 /* Extension */,
				EA661795299945230031B608 /* Scenes */,
				EA661783299935AD0031B608 /* BaseClass */,
				EA661782299935810031B608 /* Models */,
				EA661781299935740031B608 /* Services */,
				EA66177E299934AD0031B608 /* Resource */,
				EA66176A2999333E0031B608 /* AppDelegate.swift */,
				EA66176C2999333E0031B608 /* SceneDelegate.swift */,
				EA66176E2999333E0031B608 /* MainViewController.swift */,
				EA6617702999333E0031B608 /* Main.storyboard */,
				EA6617732999333F0031B608 /* Assets.xcassets */,
				EA6617752999333F0031B608 /* LaunchScreen.storyboard */,
				EA6617782999333F0031B608 /* Info.plist */,
			);
			path = "weather forcast";
			sourceTree = "<group>";
		};
		EA66177E299934AD0031B608 /* Resource */ = {
			isa = PBXGroup;
			children = (
				EA66177F299934C90031B608 /* APIKeyManager.swift */,
			);
			path = Resource;
			sourceTree = "<group>";
		};
		EA661781299935740031B608 /* Services */ = {
			isa = PBXGroup;
			children = (
				EA661787299936040031B608 /* BaseServiceRequester.swift */,
				EA661789299937350031B608 /* APIEndpoint.swift */,
			);
			path = Services;
			sourceTree = "<group>";
		};
		EA661782299935810031B608 /* Models */ = {
			isa = PBXGroup;
			children = (
				EA6617B3299954AE0031B608 /* MainForcastModel.swift */,
				EA66178B29993A240031B608 /* ForcastListModel.swift */,
				EA6617B5299955470031B608 /* WeaterModel.swift */,
				EA661791299943D90031B608 /* CurrentWeaterModel.swift */,
				EA661793299943EA0031B608 /* MainCurrentWeater.swift */,
			);
			path = Models;
			sourceTree = "<group>";
		};
		EA661783299935AD0031B608 /* BaseClass */ = {
			isa = PBXGroup;
			children = (
				EA661784299935BF0031B608 /* BaseViewController.swift */,
			);
			path = BaseClass;
			sourceTree = "<group>";
		};
		EA661795299945230031B608 /* Scenes */ = {
			isa = PBXGroup;
			children = (
				EA661797299945440031B608 /* Forcast */,
				EA6617962999453D0031B608 /* CurrentWeater */,
			);
			path = Scenes;
			sourceTree = "<group>";
		};
		EA6617962999453D0031B608 /* CurrentWeater */ = {
			isa = PBXGroup;
			children = (
				EA661798299945640031B608 /* CurrentWeaterPresenter.swift */,
				EA661799299945640031B608 /* CurrentWeaterRouter.swift */,
				EA66179A299945640031B608 /* CurrentWeaterModels.swift */,
				EA66179B299945640031B608 /* CurrentWeaterViewController.swift */,
				EA66179C299945640031B608 /* CurrentWeaterInteractor.swift */,
				EA66179D299945640031B608 /* CurrentWeaterViewController.xib */,
			);
			path = CurrentWeater;
			sourceTree = "<group>";
		};
		EA661797299945440031B608 /* Forcast */ = {
			isa = PBXGroup;
			children = (
				EA6617B7299957200031B608 /* TableViewCell */,
				EA6617A4299946AF0031B608 /* ForcastTablePresenter.swift */,
				EA6617A5299946AF0031B608 /* ForcastTableRouter.swift */,
				EA6617A6299946AF0031B608 /* ForcastTableModels.swift */,
				EA6617A7299946AF0031B608 /* ForcastTableViewController.swift */,
				EA6617A8299946AF0031B608 /* ForcastTableInteractor.swift */,
				EA6617A9299946AF0031B608 /* ForcastTableViewController.xib */,
			);
			path = Forcast;
			sourceTree = "<group>";
		};
		EA6617B0299948040031B608 /* Extension */ = {
			isa = PBXGroup;
			children = (
				EA6617B1299948130031B608 /* IBDesignable.swift */,
			);
			path = Extension;
			sourceTree = "<group>";
		};
		EA6617B7299957200031B608 /* TableViewCell */ = {
			isa = PBXGroup;
			children = (
				EA6617B8299957320031B608 /* ForcastTableViewCell.swift */,
				EA6617BA2999573A0031B608 /* ForcastTableViewCell.xib */,
			);
			path = TableViewCell;
			sourceTree = "<group>";
		};
/* End PBXGroup section */

/* Begin PBXNativeTarget section */
		EA6617662999333E0031B608 /* weather forcast */ = {
			isa = PBXNativeTarget;
			buildConfigurationList = EA66177B2999333F0031B608 /* Build configuration list for PBXNativeTarget "weather forcast" */;
			buildPhases = (
				273E0FB7008DCD464848D520 /* [CP] Check Pods Manifest.lock */,
				EA6617632999333E0031B608 /* Sources */,
				EA6617642999333E0031B608 /* Frameworks */,
				EA6617652999333E0031B608 /* Resources */,
				B86108FE78D6D90DF5F898BC /* [CP] Embed Pods Frameworks */,
			);
			buildRules = (
			);
			dependencies = (
			);
			name = "weather forcast";
			productName = "weather forcast";
			productReference = EA6617672999333E0031B608 /* weather forcast.app */;
			productType = "com.apple.product-type.application";
		};
/* End PBXNativeTarget section */

/* Begin PBXProject section */
		EA66175F2999333E0031B608 /* Project object */ = {
			isa = PBXProject;
			attributes = {
				BuildIndependentTargetsInParallel = 1;
				LastSwiftUpdateCheck = 1420;
				LastUpgradeCheck = 1420;
				TargetAttributes = {
					EA6617662999333E0031B608 = {
						CreatedOnToolsVersion = 14.2;
					};
				};
			};
			buildConfigurationList = EA6617622999333E0031B608 /* Build configuration list for PBXProject "weather forcast" */;
			compatibilityVersion = "Xcode 9.3";
			developmentRegion = en;
			hasScannedForEncodings = 0;
			knownRegions = (
				en,
				Base,
			);
			mainGroup = EA66175E2999333E0031B608;
			productRefGroup = EA6617682999333E0031B608 /* Products */;
			projectDirPath = "";
			projectRoot = "";
			targets = (
				EA6617662999333E0031B608 /* weather forcast */,
			);
		};
/* End PBXProject section */

/* Begin PBXResourcesBuildPhase section */
		EA6617652999333E0031B608 /* Resources */ = {
			isa = PBXResourcesBuildPhase;
			buildActionMask = 2147483647;
			files = (
				EA6617772999333F0031B608 /* LaunchScreen.storyboard in Resources */,
				EA6617AF299946AF0031B608 /* ForcastTableViewController.xib in Resources */,
				EA6617742999333F0031B608 /* Assets.xcassets in Resources */,
				EA6617A3299945640031B608 /* CurrentWeaterViewController.xib in Resources */,
				EA6617BB2999573A0031B608 /* ForcastTableViewCell.xib in Resources */,
				EA6617722999333E0031B608 /* Main.storyboard in Resources */,
			);
			runOnlyForDeploymentPostprocessing = 0;
		};
/* End PBXResourcesBuildPhase section */

/* Begin PBXShellScriptBuildPhase section */
		273E0FB7008DCD464848D520 /* [CP] Check Pods Manifest.lock */ = {
			isa = PBXShellScriptBuildPhase;
			buildActionMask = 2147483647;
			files = (
			);
			inputFileListPaths = (
			);
			inputPaths = (
				"${PODS_PODFILE_DIR_PATH}/Podfile.lock",
				"${PODS_ROOT}/Manifest.lock",
			);
			name = "[CP] Check Pods Manifest.lock";
			outputFileListPaths = (
			);
			outputPaths = (
				"$(DERIVED_FILE_DIR)/Pods-weather forcast-checkManifestLockResult.txt",
			);
			runOnlyForDeploymentPostprocessing = 0;
			shellPath = /bin/sh;
			shellScript = "diff \"${PODS_PODFILE_DIR_PATH}/Podfile.lock\" \"${PODS_ROOT}/Manifest.lock\" > /dev/null\nif [ $? != 0 ] ; then\n    # print error to STDERR\n    echo \"error: The sandbox is not in sync with the Podfile.lock. Run 'pod install' or update your CocoaPods installation.\" >&2\n    exit 1\nfi\n# This output is used by Xcode 'outputs' to avoid re-running this script phase.\necho \"SUCCESS\" > \"${SCRIPT_OUTPUT_FILE_0}\"\n";
			showEnvVarsInLog = 0;
		};
		B86108FE78D6D90DF5F898BC /* [CP] Embed Pods Frameworks */ = {
			isa = PBXShellScriptBuildPhase;
			buildActionMask = 2147483647;
			files = (
			);
			inputFileListPaths = (
				"${PODS_ROOT}/Target Support Files/Pods-weather forcast/Pods-weather forcast-frameworks-${CONFIGURATION}-input-files.xcfilelist",
			);
			name = "[CP] Embed Pods Frameworks";
			outputFileListPaths = (
				"${PODS_ROOT}/Target Support Files/Pods-weather forcast/Pods-weather forcast-frameworks-${CONFIGURATION}-output-files.xcfilelist",
			);
			runOnlyForDeploymentPostprocessing = 0;
			shellPath = /bin/sh;
			shellScript = "\"${PODS_ROOT}/Target Support Files/Pods-weather forcast/Pods-weather forcast-frameworks.sh\"\n";
			showEnvVarsInLog = 0;
		};
/* End PBXShellScriptBuildPhase section */

/* Begin PBXSourcesBuildPhase section */
		EA6617632999333E0031B608 /* Sources */ = {
			isa = PBXSourcesBuildPhase;
			buildActionMask = 2147483647;
			files = (
				EA661792299943D90031B608 /* CurrentWeaterModel.swift in Sources */,
				EA6617AC299946AF0031B608 /* ForcastTableModels.swift in Sources */,
				EA6617B9299957320031B608 /* ForcastTableViewCell.swift in Sources */,
				EA66178C29993A240031B608 /* ForcastListModel.swift in Sources */,
				EA6617A1299945640031B608 /* CurrentWeaterViewController.swift in Sources */,
				EA66178A299937350031B608 /* APIEndpoint.swift in Sources */,
				EA661785299935BF0031B608 /* BaseViewController.swift in Sources */,
				EA661788299936040031B608 /* BaseServiceRequester.swift in Sources */,
				EA6617A2299945640031B608 /* CurrentWeaterInteractor.swift in Sources */,
				EA6617B4299954AE0031B608 /* MainForcastModel.swift in Sources */,
				EA661794299943EA0031B608 /* MainCurrentWeater.swift in Sources */,
				EA661780299934C90031B608 /* APIKeyManager.swift in Sources */,
				EA6617AB299946AF0031B608 /* ForcastTableRouter.swift in Sources */,
				EA66179F299945640031B608 /* CurrentWeaterRouter.swift in Sources */,
				EA6617A0299945640031B608 /* CurrentWeaterModels.swift in Sources */,
				EA6617B6299955470031B608 /* WeaterModel.swift in Sources */,
				EA66176F2999333E0031B608 /* MainViewController.swift in Sources */,
				EA6617B2299948130031B608 /* IBDesignable.swift in Sources */,
				EA66176B2999333E0031B608 /* AppDelegate.swift in Sources */,
				EA6617AE299946AF0031B608 /* ForcastTableInteractor.swift in Sources */,
				EA66176D2999333E0031B608 /* SceneDelegate.swift in Sources */,
				EA6617AA299946AF0031B608 /* ForcastTablePresenter.swift in Sources */,
				EA66179E299945640031B608 /* CurrentWeaterPresenter.swift in Sources */,
				EA6617AD299946AF0031B608 /* ForcastTableViewController.swift in Sources */,
			);
			runOnlyForDeploymentPostprocessing = 0;
		};
/* End PBXSourcesBuildPhase section */

/* Begin PBXVariantGroup section */
		EA6617702999333E0031B608 /* Main.storyboard */ = {
			isa = PBXVariantGroup;
			children = (
				EA6617712999333E0031B608 /* Base */,
			);
			name = Main.storyboard;
			sourceTree = "<group>";
		};
		EA6617752999333F0031B608 /* LaunchScreen.storyboard */ = {
			isa = PBXVariantGroup;
			children = (
				EA6617762999333F0031B608 /* Base */,
			);
			name = LaunchScreen.storyboard;
			sourceTree = "<group>";
		};
/* End PBXVariantGroup section */

/* Begin XCBuildConfiguration section */
		EA6617792999333F0031B608 /* Debug */ = {
			isa = XCBuildConfiguration;
			buildSettings = {
				ALWAYS_SEARCH_USER_PATHS = NO;
				CLANG_ANALYZER_NONNULL = YES;
				CLANG_ANALYZER_NUMBER_OBJECT_CONVERSION = YES_AGGRESSIVE;
				CLANG_CXX_LANGUAGE_STANDARD = "gnu++20";
				CLANG_ENABLE_MODULES = YES;
				CLANG_ENABLE_OBJC_ARC = YES;
				CLANG_ENABLE_OBJC_WEAK = YES;
				CLANG_WARN_BLOCK_CAPTURE_AUTORELEASING = YES;
				CLANG_WARN_BOOL_CONVERSION = YES;
				CLANG_WARN_COMMA = YES;
				CLANG_WARN_CONSTANT_CONVERSION = YES;
				CLANG_WARN_DEPRECATED_OBJC_IMPLEMENTATIONS = YES;
				CLANG_WARN_DIRECT_OBJC_ISA_USAGE = YES_ERROR;
				CLANG_WARN_DOCUMENTATION_COMMENTS = YES;
				CLANG_WARN_EMPTY_BODY = YES;
				CLANG_WARN_ENUM_CONVERSION = YES;
				CLANG_WARN_INFINITE_RECURSION = YES;
				CLANG_WARN_INT_CONVERSION = YES;
				CLANG_WARN_NON_LITERAL_NULL_CONVERSION = YES;
				CLANG_WARN_OBJC_IMPLICIT_RETAIN_SELF = YES;
				CLANG_WARN_OBJC_LITERAL_CONVERSION = YES;
				CLANG_WARN_OBJC_ROOT_CLASS = YES_ERROR;
				CLANG_WARN_QUOTED_INCLUDE_IN_FRAMEWORK_HEADER = YES;
				CLANG_WARN_RANGE_LOOP_ANALYSIS = YES;
				CLANG_WARN_STRICT_PROTOTYPES = YES;
				CLANG_WARN_SUSPICIOUS_MOVE = YES;
				CLANG_WARN_UNGUARDED_AVAILABILITY = YES_AGGRESSIVE;
				CLANG_WARN_UNREACHABLE_CODE = YES;
				CLANG_WARN__DUPLICATE_METHOD_MATCH = YES;
				COPY_PHASE_STRIP = NO;
				DEBUG_INFORMATION_FORMAT = dwarf;
				ENABLE_STRICT_OBJC_MSGSEND = YES;
				ENABLE_TESTABILITY = YES;
				GCC_C_LANGUAGE_STANDARD = gnu11;
				GCC_DYNAMIC_NO_PIC = NO;
				GCC_NO_COMMON_BLOCKS = YES;
				GCC_OPTIMIZATION_LEVEL = 0;
				GCC_PREPROCESSOR_DEFINITIONS = (
					"DEBUG=1",
					"$(inherited)",
				);
				GCC_WARN_64_TO_32_BIT_CONVERSION = YES;
				GCC_WARN_ABOUT_RETURN_TYPE = YES_ERROR;
				GCC_WARN_UNDECLARED_SELECTOR = YES;
				GCC_WARN_UNINITIALIZED_AUTOS = YES_AGGRESSIVE;
				GCC_WARN_UNUSED_FUNCTION = YES;
				GCC_WARN_UNUSED_VARIABLE = YES;
				IPHONEOS_DEPLOYMENT_TARGET = 16.2;
				MTL_ENABLE_DEBUG_INFO = INCLUDE_SOURCE;
				MTL_FAST_MATH = YES;
				ONLY_ACTIVE_ARCH = YES;
				SDKROOT = iphoneos;
				SWIFT_ACTIVE_COMPILATION_CONDITIONS = DEBUG;
				SWIFT_OPTIMIZATION_LEVEL = "-Onone";
			};
			name = Debug;
		};
		EA66177A2999333F0031B608 /* Release */ = {
			isa = XCBuildConfiguration;
			buildSettings = {
				ALWAYS_SEARCH_USER_PATHS = NO;
				CLANG_ANALYZER_NONNULL = YES;
				CLANG_ANALYZER_NUMBER_OBJECT_CONVERSION = YES_AGGRESSIVE;
				CLANG_CXX_LANGUAGE_STANDARD = "gnu++20";
				CLANG_ENABLE_MODULES = YES;
				CLANG_ENABLE_OBJC_ARC = YES;
				CLANG_ENABLE_OBJC_WEAK = YES;
				CLANG_WARN_BLOCK_CAPTURE_AUTORELEASING = YES;
				CLANG_WARN_BOOL_CONVERSION = YES;
				CLANG_WARN_COMMA = YES;
				CLANG_WARN_CONSTANT_CONVERSION = YES;
				CLANG_WARN_DEPRECATED_OBJC_IMPLEMENTATIONS = YES;
				CLANG_WARN_DIRECT_OBJC_ISA_USAGE = YES_ERROR;
				CLANG_WARN_DOCUMENTATION_COMMENTS = YES;
				CLANG_WARN_EMPTY_BODY = YES;
				CLANG_WARN_ENUM_CONVERSION = YES;
				CLANG_WARN_INFINITE_RECURSION = YES;
				CLANG_WARN_INT_CONVERSION = YES;
				CLANG_WARN_NON_LITERAL_NULL_CONVERSION = YES;
				CLANG_WARN_OBJC_IMPLICIT_RETAIN_SELF = YES;
				CLANG_WARN_OBJC_LITERAL_CONVERSION = YES;
				CLANG_WARN_OBJC_ROOT_CLASS = YES_ERROR;
				CLANG_WARN_QUOTED_INCLUDE_IN_FRAMEWORK_HEADER = YES;
				CLANG_WARN_RANGE_LOOP_ANALYSIS = YES;
				CLANG_WARN_STRICT_PROTOTYPES = YES;
				CLANG_WARN_SUSPICIOUS_MOVE = YES;
				CLANG_WARN_UNGUARDED_AVAILABILITY = YES_AGGRESSIVE;
				CLANG_WARN_UNREACHABLE_CODE = YES;
				CLANG_WARN__DUPLICATE_METHOD_MATCH = YES;
				COPY_PHASE_STRIP = NO;
				DEBUG_INFORMATION_FORMAT = "dwarf-with-dsym";
				ENABLE_NS_ASSERTIONS = NO;
				ENABLE_STRICT_OBJC_MSGSEND = YES;
				GCC_C_LANGUAGE_STANDARD = gnu11;
				GCC_NO_COMMON_BLOCKS = YES;
				GCC_WARN_64_TO_32_BIT_CONVERSION = YES;
				GCC_WARN_ABOUT_RETURN_TYPE = YES_ERROR;
				GCC_WARN_UNDECLARED_SELECTOR = YES;
				GCC_WARN_UNINITIALIZED_AUTOS = YES_AGGRESSIVE;
				GCC_WARN_UNUSED_FUNCTION = YES;
				GCC_WARN_UNUSED_VARIABLE = YES;
				IPHONEOS_DEPLOYMENT_TARGET = 16.2;
				MTL_ENABLE_DEBUG_INFO = NO;
				MTL_FAST_MATH = YES;
				SDKROOT = iphoneos;
				SWIFT_COMPILATION_MODE = wholemodule;
				SWIFT_OPTIMIZATION_LEVEL = "-O";
				VALIDATE_PRODUCT = YES;
			};
			name = Release;
		};
		EA66177C2999333F0031B608 /* Debug */ = {
			isa = XCBuildConfiguration;
			baseConfigurationReference = CDA88E8BAD55AE9E38505E3C /* Pods-weather forcast.debug.xcconfig */;
			buildSettings = {
				ASSETCATALOG_COMPILER_APPICON_NAME = AppIcon;
				ASSETCATALOG_COMPILER_GLOBAL_ACCENT_COLOR_NAME = AccentColor;
				CODE_SIGN_STYLE = Automatic;
				CURRENT_PROJECT_VERSION = 1;
				DEVELOPMENT_TEAM = G7QK9GFAY5;
				GENERATE_INFOPLIST_FILE = YES;
				INFOPLIST_FILE = "weather forcast/Info.plist";
				INFOPLIST_KEY_UIApplicationSupportsIndirectInputEvents = YES;
				INFOPLIST_KEY_UILaunchStoryboardName = LaunchScreen;
				INFOPLIST_KEY_UIMainStoryboardFile = Main;
				INFOPLIST_KEY_UISupportedInterfaceOrientations_iPad = "UIInterfaceOrientationPortrait UIInterfaceOrientationPortraitUpsideDown UIInterfaceOrientationLandscapeLeft UIInterfaceOrientationLandscapeRight";
				INFOPLIST_KEY_UISupportedInterfaceOrientations_iPhone = "UIInterfaceOrientationPortrait UIInterfaceOrientationLandscapeLeft UIInterfaceOrientationLandscapeRight";
				LD_RUNPATH_SEARCH_PATHS = (
					"$(inherited)",
					"@executable_path/Frameworks",
				);
				MARKETING_VERSION = 1.0;
				PRODUCT_BUNDLE_IDENTIFIER = "com.naphat.weather-forcast";
				PRODUCT_NAME = "$(TARGET_NAME)";
				SWIFT_EMIT_LOC_STRINGS = YES;
				SWIFT_VERSION = 5.0;
				TARGETED_DEVICE_FAMILY = "1,2";
			};
			name = Debug;
		};
		EA66177D2999333F0031B608 /* Release */ = {
			isa = XCBuildConfiguration;
			baseConfigurationReference = D668306D24D3DEEDB8BE4D6F /* Pods-weather forcast.release.xcconfig */;
			buildSettings = {
				ASSETCATALOG_COMPILER_APPICON_NAME = AppIcon;
				ASSETCATALOG_COMPILER_GLOBAL_ACCENT_COLOR_NAME = AccentColor;
				CODE_SIGN_STYLE = Automatic;
				CURRENT_PROJECT_VERSION = 1;
				DEVELOPMENT_TEAM = G7QK9GFAY5;
				GENERATE_INFOPLIST_FILE = YES;
				INFOPLIST_FILE = "weather forcast/Info.plist";
				INFOPLIST_KEY_UIApplicationSupportsIndirectInputEvents = YES;
				INFOPLIST_KEY_UILaunchStoryboardName = LaunchScreen;
				INFOPLIST_KEY_UIMainStoryboardFile = Main;
				INFOPLIST_KEY_UISupportedInterfaceOrientations_iPad = "UIInterfaceOrientationPortrait UIInterfaceOrientationPortraitUpsideDown UIInterfaceOrientationLandscapeLeft UIInterfaceOrientationLandscapeRight";
				INFOPLIST_KEY_UISupportedInterfaceOrientations_iPhone = "UIInterfaceOrientationPortrait UIInterfaceOrientationLandscapeLeft UIInterfaceOrientationLandscapeRight";
				LD_RUNPATH_SEARCH_PATHS = (
					"$(inherited)",
					"@executable_path/Frameworks",
				);
				MARKETING_VERSION = 1.0;
				PRODUCT_BUNDLE_IDENTIFIER = "com.naphat.weather-forcast";
				PRODUCT_NAME = "$(TARGET_NAME)";
				SWIFT_EMIT_LOC_STRINGS = YES;
				SWIFT_VERSION = 5.0;
				TARGETED_DEVICE_FAMILY = "1,2";
			};
			name = Release;
		};
/* End XCBuildConfiguration section */

/* Begin XCConfigurationList section */
		EA6617622999333E0031B608 /* Build configuration list for PBXProject "weather forcast" */ = {
			isa = XCConfigurationList;
			buildConfigurations = (
				EA6617792999333F0031B608 /* Debug */,
				EA66177A2999333F0031B608 /* Release */,
			);
			defaultConfigurationIsVisible = 0;
			defaultConfigurationName = Release;
		};
		EA66177B2999333F0031B608 /* Build configuration list for PBXNativeTarget "weather forcast" */ = {
			isa = XCConfigurationList;
			buildConfigurations = (
				EA66177C2999333F0031B608 /* Debug */,
				EA66177D2999333F0031B608 /* Release */,
			);
			defaultConfigurationIsVisible = 0;
			defaultConfigurationName = Release;
		};
/* End XCConfigurationList section */
	};
	rootObject = EA66175F2999333E0031B608 /* Project object */;
}
